
Microsoft Visual Studio Solution File, Format Version 12.00
# Visual Studio Version 17
VisualStudioVersion = 17.7.34031.279
MinimumVisualStudioVersion = 10.0.40219.1
Project("{8BC9CEB8-8B4A-11D0-8D11-00A0C91BC942}") = "laboration_6.4", "laboration_6.4.vcxproj", "{B3BAB21F-CF33-439F-A020-2F14B9D6546A}"
EndProject
Project("{8BC9CEB8-8B4A-11D0-8D11-00A0C91BC942}") = "UnitTest_6.4", "..\UnitTest_6.4\UnitTest_6.4.vcxproj", "{D4EE7783-DC37-4BD3-ABC8-4414C9C64134}"
EndProject
Global
	GlobalSection(SolutionConfigurationPlatforms) = preSolution
		Debug|x64 = Debug|x64
		Debug|x86 = Debug|x86
		Release|x64 = Release|x64
		Release|x86 = Release|x86
	EndGlobalSection
	GlobalSection(ProjectConfigurationPlatforms) = postSolution
		{B3BAB21F-CF33-439F-A020-2F14B9D6546A}.Debug|x64.ActiveCfg = Debug|x64
		{B3BAB21F-CF33-439F-A020-2F14B9D6546A}.Debug|x64.Build.0 = Debug|x64
		{B3BAB21F-CF33-439F-A020-2F14B9D6546A}.Debug|x86.ActiveCfg = Debug|Win32
		{B3BAB21F-CF33-439F-A020-2F14B9D6546A}.Debug|x86.Build.0 = Debug|Win32
		{B3BAB21F-CF33-439F-A020-2F14B9D6546A}.Release|x64.ActiveCfg = Release|x64
		{B3BAB21F-CF33-439F-A020-2F14B9D6546A}.Release|x64.Build.0 = Release|x64
		{B3BAB21F-CF33-439F-A020-2F14B9D6546A}.Release|x86.ActiveCfg = Release|Win32
		{B3BAB21F-CF33-439F-A020-2F14B9D6546A}.Release|x86.Build.0 = Release|Win32
		{D4EE7783-DC37-4BD3-ABC8-4414C9C64134}.Debug|x64.ActiveCfg = Debug|x64
		{D4EE7783-DC37-4BD3-ABC8-4414C9C64134}.Debug|x64.Build.0 = Debug|x64
		{D4EE7783-DC37-4BD3-ABC8-4414C9C64134}.Debug|x86.ActiveCfg = Debug|Win32
		{D4EE7783-DC37-4BD3-ABC8-4414C9C64134}.Debug|x86.Build.0 = Debug|Win32
		{D4EE7783-DC37-4BD3-ABC8-4414C9C64134}.Release|x64.ActiveCfg = Release|x64
		{D4EE7783-DC37-4BD3-ABC8-4414C9C64134}.Release|x64.Build.0 = Release|x64
		{D4EE7783-DC37-4BD3-ABC8-4414C9C64134}.Release|x86.ActiveCfg = Release|Win32
		{D4EE7783-DC37-4BD3-ABC8-4414C9C64134}.Release|x86.Build.0 = Release|Win32
	EndGlobalSection
	GlobalSection(SolutionProperties) = preSolution
		HideSolutionNode = FALSE
	EndGlobalSection
	GlobalSection(ExtensibilityGlobals) = postSolution
		SolutionGuid = {E64B3F1E-BDB0-4E02-822B-43197D277A32}
	EndGlobalSection
EndGlobal
